
Microsoft Visual Studio Solution File, Format Version 12.00
# Visual Studio Version 17
VisualStudioVersion = 17.0.31717.71
MinimumVisualStudioVersion = 10.0.40219.1
Project("{FAE04EC0-301F-11D3-BF4B-00C04F79EFBC}") = "WinLossRecMaker", "WinLossRecMaker\WinLossRecMaker.csproj", "{8CF8C7FD-770B-4668-BB69-41CC502E585A}"
EndProject
Global
	GlobalSection(SolutionConfigurationPlatforms) = preSolution
		Debug|Any CPU = Debug|Any CPU
		Release|Any CPU = Release|Any CPU
	EndGlobalSection
	GlobalSection(ProjectConfigurationPlatforms) = postSolution
		{8CF8C7FD-770B-4668-BB69-41CC502E585A}.Debug|Any CPU.ActiveCfg = Debug|Any CPU
		{8CF8C7FD-770B-4668-BB69-41CC502E585A}.Debug|Any CPU.Build.0 = Debug|Any CPU
		{8CF8C7FD-770B-4668-BB69-41CC502E585A}.Release|Any CPU.ActiveCfg = Release|Any CPU
		{8CF8C7FD-770B-4668-BB69-41CC502E585A}.Release|Any CPU.Build.0 = Release|Any CPU
	EndGlobalSection
	GlobalSection(SolutionProperties) = preSolution
		HideSolutionNode = FALSE
	EndGlobalSection
	GlobalSection(ExtensibilityGlobals) = postSolution
		SolutionGuid = {01B46B93-B999-4C16-A5AC-7528D1BDA69E}
	EndGlobalSection
EndGlobal
